
Microsoft Visual Studio Solution File, Format Version 12.00
# Visual Studio Version 16
VisualStudioVersion = 16.0.31515.178
MinimumVisualStudioVersion = 10.0.40219.1
Project("{9A19103F-16F7-4668-BE54-9A1E7A4F7556}") = "Suyeong.LearnWithSentences.API", "Suyeong.LearnWithSentences.API\Suyeong.LearnWithSentences.API.csproj", "{DAC28F51-ED0D-4F40-BEE7-56C38C0D5B63}"
EndProject
Project("{9A19103F-16F7-4668-BE54-9A1E7A4F7556}") = "Suyeong.LearnWithSentences.PWA", "Suyeong.LearnWithSentences.PWA\Suyeong.LearnWithSentences.PWA.csproj", "{972B2F28-E308-4A42-B6B1-380135D4FE5C}"
EndProject
Project("{FAE04EC0-301F-11D3-BF4B-00C04F79EFBC}") = "Suyeong.LearnWithSentences.Blazor", "Suyeong.LearnWithSentences.Blazor\Suyeong.LearnWithSentences.Blazor.csproj", "{1EEDFC4C-A903-404D-B73E-0BA615739F0F}"
EndProject
Project("{FAE04EC0-301F-11D3-BF4B-00C04F79EFBC}") = "LearnWithSentences.Shared", "LearnWithSentences.Shared\LearnWithSentences.Shared.csproj", "{72E9B1E2-0C18-4ADE-BA88-B41C86F0E080}"
EndProject
Project("{2150E333-8FDC-42A3-9474-1A3956D46DE8}") = "Shared", "Shared", "{D426B25D-461C-45F0-819F-FF8BCD46BD92}"
EndProject
Project("{2150E333-8FDC-42A3-9474-1A3956D46DE8}") = "FrontEnd", "FrontEnd", "{EBC27321-E219-4255-A72F-2253AFCB6A6B}"
EndProject
Project("{2150E333-8FDC-42A3-9474-1A3956D46DE8}") = "BackEnd", "BackEnd", "{2FE7705F-7B5E-4D7C-BA75-EDAA97FAE9D6}"
EndProject
Global
	GlobalSection(SolutionConfigurationPlatforms) = preSolution
		Debug|Any CPU = Debug|Any CPU
		Release|Any CPU = Release|Any CPU
	EndGlobalSection
	GlobalSection(ProjectConfigurationPlatforms) = postSolution
		{DAC28F51-ED0D-4F40-BEE7-56C38C0D5B63}.Debug|Any CPU.ActiveCfg = Debug|Any CPU
		{DAC28F51-ED0D-4F40-BEE7-56C38C0D5B63}.Debug|Any CPU.Build.0 = Debug|Any CPU
		{DAC28F51-ED0D-4F40-BEE7-56C38C0D5B63}.Release|Any CPU.ActiveCfg = Release|Any CPU
		{DAC28F51-ED0D-4F40-BEE7-56C38C0D5B63}.Release|Any CPU.Build.0 = Release|Any CPU
		{972B2F28-E308-4A42-B6B1-380135D4FE5C}.Debug|Any CPU.ActiveCfg = Debug|Any CPU
		{972B2F28-E308-4A42-B6B1-380135D4FE5C}.Debug|Any CPU.Build.0 = Debug|Any CPU
		{972B2F28-E308-4A42-B6B1-380135D4FE5C}.Release|Any CPU.ActiveCfg = Release|Any CPU
		{972B2F28-E308-4A42-B6B1-380135D4FE5C}.Release|Any CPU.Build.0 = Release|Any CPU
		{1EEDFC4C-A903-404D-B73E-0BA615739F0F}.Debug|Any CPU.ActiveCfg = Debug|Any CPU
		{1EEDFC4C-A903-404D-B73E-0BA615739F0F}.Debug|Any CPU.Build.0 = Debug|Any CPU
		{1EEDFC4C-A903-404D-B73E-0BA615739F0F}.Release|Any CPU.ActiveCfg = Release|Any CPU
		{1EEDFC4C-A903-404D-B73E-0BA615739F0F}.Release|Any CPU.Build.0 = Release|Any CPU
		{72E9B1E2-0C18-4ADE-BA88-B41C86F0E080}.Debug|Any CPU.ActiveCfg = Debug|Any CPU
		{72E9B1E2-0C18-4ADE-BA88-B41C86F0E080}.Debug|Any CPU.Build.0 = Debug|Any CPU
		{72E9B1E2-0C18-4ADE-BA88-B41C86F0E080}.Release|Any CPU.ActiveCfg = Release|Any CPU
		{72E9B1E2-0C18-4ADE-BA88-B41C86F0E080}.Release|Any CPU.Build.0 = Release|Any CPU
	EndGlobalSection
	GlobalSection(SolutionProperties) = preSolution
		HideSolutionNode = FALSE
	EndGlobalSection
	GlobalSection(NestedProjects) = preSolution
		{DAC28F51-ED0D-4F40-BEE7-56C38C0D5B63} = {2FE7705F-7B5E-4D7C-BA75-EDAA97FAE9D6}
		{972B2F28-E308-4A42-B6B1-380135D4FE5C} = {EBC27321-E219-4255-A72F-2253AFCB6A6B}
		{1EEDFC4C-A903-404D-B73E-0BA615739F0F} = {EBC27321-E219-4255-A72F-2253AFCB6A6B}
		{72E9B1E2-0C18-4ADE-BA88-B41C86F0E080} = {D426B25D-461C-45F0-819F-FF8BCD46BD92}
	EndGlobalSection
	GlobalSection(ExtensibilityGlobals) = postSolution
		SolutionGuid = {A4CB1BC9-D6EC-4DEA-A408-CDECC712C63D}
	EndGlobalSection
EndGlobal
